// !$*UTF8*$!
{
	archiveVersion = 1;
	classes = {
	};
	objectVersion = 56;
	objects = {

/* Begin PBXBuildFile section */
		C19E8EE32B6CC4210090DD5D /* AppDelegate.swift in Sources */ = {isa = PBXBuildFile; fileRef = C19E8EE22B6CC4210090DD5D /* AppDelegate.swift */; };
		C19E8EE52B6CC4210090DD5D /* SceneDelegate.swift in Sources */ = {isa = PBXBuildFile; fileRef = C19E8EE42B6CC4210090DD5D /* SceneDelegate.swift */; };
		C19E8EEA2B6CC4210090DD5D /* Main.storyboard in Resources */ = {isa = PBXBuildFile; fileRef = C19E8EE82B6CC4210090DD5D /* Main.storyboard */; };
		C19E8EEC2B6CC4250090DD5D /* Assets.xcassets in Resources */ = {isa = PBXBuildFile; fileRef = C19E8EEB2B6CC4250090DD5D /* Assets.xcassets */; };
		C19E8EEF2B6CC4250090DD5D /* LaunchScreen.storyboard in Resources */ = {isa = PBXBuildFile; fileRef = C19E8EED2B6CC4250090DD5D /* LaunchScreen.storyboard */; };
		C19E8EFA2B6CC4C10090DD5D /* Posts.swift in Sources */ = {isa = PBXBuildFile; fileRef = C19E8EF92B6CC4C10090DD5D /* Posts.swift */; };
		C19E8EFC2B6CC4EC0090DD5D /* PostViewModel.swift in Sources */ = {isa = PBXBuildFile; fileRef = C19E8EFB2B6CC4EC0090DD5D /* PostViewModel.swift */; };
		C19E8EFE2B6CC52C0090DD5D /* PostViewController.swift in Sources */ = {isa = PBXBuildFile; fileRef = C19E8EFD2B6CC52C0090DD5D /* PostViewController.swift */; };
		C19E8F012B6CC9820090DD5D /* PostTableViewCell.swift in Sources */ = {isa = PBXBuildFile; fileRef = C19E8F002B6CC9820090DD5D /* PostTableViewCell.swift */; };
/* End PBXBuildFile section */

/* Begin PBXFileReference section */
		C19E8EDF2B6CC4210090DD5D /* Example1.app */ = {isa = PBXFileReference; explicitFileType = wrapper.application; includeInIndex = 0; path = Example1.app; sourceTree = BUILT_PRODUCTS_DIR; };
		C19E8EE22B6CC4210090DD5D /* AppDelegate.swift */ = {isa = PBXFileReference; lastKnownFileType = sourcecode.swift; path = AppDelegate.swift; sourceTree = "<group>"; };
		C19E8EE42B6CC4210090DD5D /* SceneDelegate.swift */ = {isa = PBXFileReference; lastKnownFileType = sourcecode.swift; path = SceneDelegate.swift; sourceTree = "<group>"; };
		C19E8EE92B6CC4210090DD5D /* Base */ = {isa = PBXFileReference; lastKnownFileType = file.storyboard; name = Base; path = Base.lproj/Main.storyboard; sourceTree = "<group>"; };
		C19E8EEB2B6CC4250090DD5D /* Assets.xcassets */ = {isa = PBXFileReference; lastKnownFileType = folder.assetcatalog; path = Assets.xcassets; sourceTree = "<group>"; };
		C19E8EEE2B6CC4250090DD5D /* Base */ = {isa = PBXFileReference; lastKnownFileType = file.storyboard; name = Base; path = Base.lproj/LaunchScreen.storyboard; sourceTree = "<group>"; };
		C19E8EF02B6CC4250090DD5D /* Info.plist */ = {isa = PBXFileReference; lastKnownFileType = text.plist.xml; path = Info.plist; sourceTree = "<group>"; };
		C19E8EF92B6CC4C10090DD5D /* Posts.swift */ = {isa = PBXFileReference; lastKnownFileType = sourcecode.swift; path = Posts.swift; sourceTree = "<group>"; };
		C19E8EFB2B6CC4EC0090DD5D /* PostViewModel.swift */ = {isa = PBXFileReference; lastKnownFileType = sourcecode.swift; path = PostViewModel.swift; sourceTree = "<group>"; };
		C19E8EFD2B6CC52C0090DD5D /* PostViewController.swift */ = {isa = PBXFileReference; lastKnownFileType = sourcecode.swift; path = PostViewController.swift; sourceTree = "<group>"; };
		C19E8F002B6CC9820090DD5D /* PostTableViewCell.swift */ = {isa = PBXFileReference; lastKnownFileType = sourcecode.swift; path = PostTableViewCell.swift; sourceTree = "<group>"; };
/* End PBXFileReference section */

/* Begin PBXFrameworksBuildPhase section */
		C19E8EDC2B6CC4210090DD5D /* Frameworks */ = {
			isa = PBXFrameworksBuildPhase;
			buildActionMask = 2147483647;
			files = (
			);
			runOnlyForDeploymentPostprocessing = 0;
		};
/* End PBXFrameworksBuildPhase section */

/* Begin PBXGroup section */
		C19E8ED62B6CC4210090DD5D = {
			isa = PBXGroup;
			children = (
				C19E8EE12B6CC4210090DD5D /* Example1 */,
				C19E8EE02B6CC4210090DD5D /* Products */,
			);
			sourceTree = "<group>";
		};
		C19E8EE02B6CC4210090DD5D /* Products */ = {
			isa = PBXGroup;
			children = (
				C19E8EDF2B6CC4210090DD5D /* Example1.app */,
			);
			name = Products;
			sourceTree = "<group>";
		};
		C19E8EE12B6CC4210090DD5D /* Example1 */ = {
			isa = PBXGroup;
			children = (
				C19E8EE22B6CC4210090DD5D /* AppDelegate.swift */,
				C19E8EE42B6CC4210090DD5D /* SceneDelegate.swift */,
				C19E8EF82B6CC49E0090DD5D /* Model */,
				C19E8EF72B6CC4940090DD5D /* ViewModel */,
				C19E8EF62B6CC48A0090DD5D /* View */,
				C19E8EE82B6CC4210090DD5D /* Main.storyboard */,
				C19E8EEB2B6CC4250090DD5D /* Assets.xcassets */,
				C19E8EED2B6CC4250090DD5D /* LaunchScreen.storyboard */,
				C19E8EF02B6CC4250090DD5D /* Info.plist */,
			);
			path = Example1;
			sourceTree = "<group>";
		};
		C19E8EF62B6CC48A0090DD5D /* View */ = {
			isa = PBXGroup;
			children = (
				C19E8EFD2B6CC52C0090DD5D /* PostViewController.swift */,
				C19E8EFF2B6CC9490090DD5D /* TableViewCell */,
			);
			path = View;
			sourceTree = "<group>";
		};
		C19E8EF72B6CC4940090DD5D /* ViewModel */ = {
			isa = PBXGroup;
			children = (
				C19E8EFB2B6CC4EC0090DD5D /* PostViewModel.swift */,
			);
			path = ViewModel;
			sourceTree = "<group>";
		};
		C19E8EF82B6CC49E0090DD5D /* Model */ = {
			isa = PBXGroup;
			children = (
				C19E8EF92B6CC4C10090DD5D /* Posts.swift */,
			);
			path = Model;
			sourceTree = "<group>";
		};
		C19E8EFF2B6CC9490090DD5D /* TableViewCell */ = {
			isa = PBXGroup;
			children = (
				C19E8F002B6CC9820090DD5D /* PostTableViewCell.swift */,
			);
			path = TableViewCell;
			sourceTree = "<group>";
		};
/* End PBXGroup section */

/* Begin PBXNativeTarget section */
		C19E8EDE2B6CC4210090DD5D /* Example1 */ = {
			isa = PBXNativeTarget;
			buildConfigurationList = C19E8EF32B6CC4250090DD5D /* Build configuration list for PBXNativeTarget "Example1" */;
			buildPhases = (
				C19E8EDB2B6CC4210090DD5D /* Sources */,
				C19E8EDC2B6CC4210090DD5D /* Frameworks */,
				C19E8EDD2B6CC4210090DD5D /* Resources */,
			);
			buildRules = (
			);
			dependencies = (
			);
			name = Example1;
			productName = Example1;
			productReference = C19E8EDF2B6CC4210090DD5D /* Example1.app */;
			productType = "com.apple.product-type.application";
		};
/* End PBXNativeTarget section */

/* Begin PBXProject section */
		C19E8ED72B6CC4210090DD5D /* Project object */ = {
			isa = PBXProject;
			attributes = {
				BuildIndependentTargetsInParallel = 1;
				LastSwiftUpdateCheck = 1430;
				LastUpgradeCheck = 1430;
				TargetAttributes = {
					C19E8EDE2B6CC4210090DD5D = {
						CreatedOnToolsVersion = 14.3.1;
					};
				};
			};
			buildConfigurationList = C19E8EDA2B6CC4210090DD5D /* Build configuration list for PBXProject "Example1" */;
			compatibilityVersion = "Xcode 14.0";
			developmentRegion = en;
			hasScannedForEncodings = 0;
			knownRegions = (
				en,
				Base,
			);
			mainGroup = C19E8ED62B6CC4210090DD5D;
			productRefGroup = C19E8EE02B6CC4210090DD5D /* Products */;
			projectDirPath = "";
			projectRoot = "";
			targets = (
				C19E8EDE2B6CC4210090DD5D /* Example1 */,
			);
		};
/* End PBXProject section */

/* Begin PBXResourcesBuildPhase section */
		C19E8EDD2B6CC4210090DD5D /* Resources */ = {
			isa = PBXResourcesBuildPhase;
			buildActionMask = 2147483647;
			files = (
				C19E8EEF2B6CC4250090DD5D /* LaunchScreen.storyboard in Resources */,
				C19E8EEC2B6CC4250090DD5D /* Assets.xcassets in Resources */,
				C19E8EEA2B6CC4210090DD5D /* Main.storyboard in Resources */,
			);
			runOnlyForDeploymentPostprocessing = 0;
		};
/* End PBXResourcesBuildPhase section */

/* Begin PBXSourcesBuildPhase section */
		C19E8EDB2B6CC4210090DD5D /* Sources */ = {
			isa = PBXSourcesBuildPhase;
			buildActionMask = 2147483647;
			files = (
				C19E8EFE2B6CC52C0090DD5D /* PostViewController.swift in Sources */,
				C19E8EFC2B6CC4EC0090DD5D /* PostViewModel.swift in Sources */,
				C19E8EE32B6CC4210090DD5D /* AppDelegate.swift in Sources */,
				C19E8EE52B6CC4210090DD5D /* SceneDelegate.swift in Sources */,
				C19E8EFA2B6CC4C10090DD5D /* Posts.swift in Sources */,
				C19E8F012B6CC9820090DD5D /* PostTableViewCell.swift in Sources */,
			);
			runOnlyForDeploymentPostprocessing = 0;
		};
/* End PBXSourcesBuildPhase section */

/* Begin PBXVariantGroup section */
		C19E8EE82B6CC4210090DD5D /* Main.storyboard */ = {
			isa = PBXVariantGroup;
			children = (
				C19E8EE92B6CC4210090DD5D /* Base */,
			);
			name = Main.storyboard;
			sourceTree = "<group>";
		};
		C19E8EED2B6CC4250090DD5D /* LaunchScreen.storyboard */ = {
			isa = PBXVariantGroup;
			children = (
				C19E8EEE2B6CC4250090DD5D /* Base */,
			);
			name = LaunchScreen.storyboard;
			sourceTree = "<group>";
		};
/* End PBXVariantGroup section */

/* Begin XCBuildConfiguration section */
		C19E8EF12B6CC4250090DD5D /* Debug */ = {
			isa = XCBuildConfiguration;
			buildSettings = {
				ALWAYS_SEARCH_USER_PATHS = NO;
				CLANG_ANALYZER_NONNULL = YES;
				CLANG_ANALYZER_NUMBER_OBJECT_CONVERSION = YES_AGGRESSIVE;
				CLANG_CXX_LANGUAGE_STANDARD = "gnu++20";
				CLANG_ENABLE_MODULES = YES;
				CLANG_ENABLE_OBJC_ARC = YES;
				CLANG_ENABLE_OBJC_WEAK = YES;
				CLANG_WARN_BLOCK_CAPTURE_AUTORELEASING = YES;
				CLANG_WARN_BOOL_CONVERSION = YES;
				CLANG_WARN_COMMA = YES;
				CLANG_WARN_CONSTANT_CONVERSION = YES;
				CLANG_WARN_DEPRECATED_OBJC_IMPLEMENTATIONS = YES;
				CLANG_WARN_DIRECT_OBJC_ISA_USAGE = YES_ERROR;
				CLANG_WARN_DOCUMENTATION_COMMENTS = YES;
				CLANG_WARN_EMPTY_BODY = YES;
				CLANG_WARN_ENUM_CONVERSION = YES;
				CLANG_WARN_INFINITE_RECURSION = YES;
				CLANG_WARN_INT_CONVERSION = YES;
				CLANG_WARN_NON_LITERAL_NULL_CONVERSION = YES;
				CLANG_WARN_OBJC_IMPLICIT_RETAIN_SELF = YES;
				CLANG_WARN_OBJC_LITERAL_CONVERSION = YES;
				CLANG_WARN_OBJC_ROOT_CLASS = YES_ERROR;
				CLANG_WARN_QUOTED_INCLUDE_IN_FRAMEWORK_HEADER = YES;
				CLANG_WARN_RANGE_LOOP_ANALYSIS = YES;
				CLANG_WARN_STRICT_PROTOTYPES = YES;
				CLANG_WARN_SUSPICIOUS_MOVE = YES;
				CLANG_WARN_UNGUARDED_AVAILABILITY = YES_AGGRESSIVE;
				CLANG_WARN_UNREACHABLE_CODE = YES;
				CLANG_WARN__DUPLICATE_METHOD_MATCH = YES;
				COPY_PHASE_STRIP = NO;
				DEBUG_INFORMATION_FORMAT = dwarf;
				ENABLE_STRICT_OBJC_MSGSEND = YES;
				ENABLE_TESTABILITY = YES;
				GCC_C_LANGUAGE_STANDARD = gnu11;
				GCC_DYNAMIC_NO_PIC = NO;
				GCC_NO_COMMON_BLOCKS = YES;
				GCC_OPTIMIZATION_LEVEL = 0;
				GCC_PREPROCESSOR_DEFINITIONS = (
					"DEBUG=1",
					"$(inherited)",
				);
				GCC_WARN_64_TO_32_BIT_CONVERSION = YES;
				GCC_WARN_ABOUT_RETURN_TYPE = YES_ERROR;
				GCC_WARN_UNDECLARED_SELECTOR = YES;
				GCC_WARN_UNINITIALIZED_AUTOS = YES_AGGRESSIVE;
				GCC_WARN_UNUSED_FUNCTION = YES;
				GCC_WARN_UNUSED_VARIABLE = YES;
				IPHONEOS_DEPLOYMENT_TARGET = 16.4;
				MTL_ENABLE_DEBUG_INFO = INCLUDE_SOURCE;
				MTL_FAST_MATH = YES;
				ONLY_ACTIVE_ARCH = YES;
				SDKROOT = iphoneos;
				SWIFT_ACTIVE_COMPILATION_CONDITIONS = DEBUG;
				SWIFT_OPTIMIZATION_LEVEL = "-Onone";
			};
			name = Debug;
		};
		C19E8EF22B6CC4250090DD5D /* Release */ = {
			isa = XCBuildConfiguration;
			buildSettings = {
				ALWAYS_SEARCH_USER_PATHS = NO;
				CLANG_ANALYZER_NONNULL = YES;
				CLANG_ANALYZER_NUMBER_OBJECT_CONVERSION = YES_AGGRESSIVE;
				CLANG_CXX_LANGUAGE_STANDARD = "gnu++20";
				CLANG_ENABLE_MODULES = YES;
				CLANG_ENABLE_OBJC_ARC = YES;
				CLANG_ENABLE_OBJC_WEAK = YES;
				CLANG_WARN_BLOCK_CAPTURE_AUTORELEASING = YES;
				CLANG_WARN_BOOL_CONVERSION = YES;
				CLANG_WARN_COMMA = YES;
				CLANG_WARN_CONSTANT_CONVERSION = YES;
				CLANG_WARN_DEPRECATED_OBJC_IMPLEMENTATIONS = YES;
				CLANG_WARN_DIRECT_OBJC_ISA_USAGE = YES_ERROR;
				CLANG_WARN_DOCUMENTATION_COMMENTS = YES;
				CLANG_WARN_EMPTY_BODY = YES;
				CLANG_WARN_ENUM_CONVERSION = YES;
				CLANG_WARN_INFINITE_RECURSION = YES;
				CLANG_WARN_INT_CONVERSION = YES;
				CLANG_WARN_NON_LITERAL_NULL_CONVERSION = YES;
				CLANG_WARN_OBJC_IMPLICIT_RETAIN_SELF = YES;
				CLANG_WARN_OBJC_LITERAL_CONVERSION = YES;
				CLANG_WARN_OBJC_ROOT_CLASS = YES_ERROR;
				CLANG_WARN_QUOTED_INCLUDE_IN_FRAMEWORK_HEADER = YES;
				CLANG_WARN_RANGE_LOOP_ANALYSIS = YES;
				CLANG_WARN_STRICT_PROTOTYPES = YES;
				CLANG_WARN_SUSPICIOUS_MOVE = YES;
				CLANG_WARN_UNGUARDED_AVAILABILITY = YES_AGGRESSIVE;
				CLANG_WARN_UNREACHABLE_CODE = YES;
				CLANG_WARN__DUPLICATE_METHOD_MATCH = YES;
				COPY_PHASE_STRIP = NO;
				DEBUG_INFORMATION_FORMAT = "dwarf-with-dsym";
				ENABLE_NS_ASSERTIONS = NO;
				ENABLE_STRICT_OBJC_MSGSEND = YES;
				GCC_C_LANGUAGE_STANDARD = gnu11;
				GCC_NO_COMMON_BLOCKS = YES;
				GCC_WARN_64_TO_32_BIT_CONVERSION = YES;
				GCC_WARN_ABOUT_RETURN_TYPE = YES_ERROR;
				GCC_WARN_UNDECLARED_SELECTOR = YES;
				GCC_WARN_UNINITIALIZED_AUTOS = YES_AGGRESSIVE;
				GCC_WARN_UNUSED_FUNCTION = YES;
				GCC_WARN_UNUSED_VARIABLE = YES;
				IPHONEOS_DEPLOYMENT_TARGET = 16.4;
				MTL_ENABLE_DEBUG_INFO = NO;
				MTL_FAST_MATH = YES;
				SDKROOT = iphoneos;
				SWIFT_COMPILATION_MODE = wholemodule;
				SWIFT_OPTIMIZATION_LEVEL = "-O";
				VALIDATE_PRODUCT = YES;
			};
			name = Release;
		};
		C19E8EF42B6CC4250090DD5D /* Debug */ = {
			isa = XCBuildConfiguration;
			buildSettings = {
				ASSETCATALOG_COMPILER_APPICON_NAME = AppIcon;
				ASSETCATALOG_COMPILER_GLOBAL_ACCENT_COLOR_NAME = AccentColor;
				CODE_SIGN_STYLE = Automatic;
				CURRENT_PROJECT_VERSION = 1;
				DEVELOPMENT_TEAM = LR4QG85CZD;
				GENERATE_INFOPLIST_FILE = YES;
				INFOPLIST_FILE = Example1/Info.plist;
				INFOPLIST_KEY_CFBundleDisplayName = "MVVM 1";
				INFOPLIST_KEY_UIApplicationSupportsIndirectInputEvents = YES;
				INFOPLIST_KEY_UILaunchStoryboardName = LaunchScreen;
				INFOPLIST_KEY_UIMainStoryboardFile = Main;
				INFOPLIST_KEY_UISupportedInterfaceOrientations_iPad = "UIInterfaceOrientationPortrait UIInterfaceOrientationPortraitUpsideDown UIInterfaceOrientationLandscapeLeft UIInterfaceOrientationLandscapeRight";
				INFOPLIST_KEY_UISupportedInterfaceOrientations_iPhone = "UIInterfaceOrientationPortrait UIInterfaceOrientationLandscapeLeft UIInterfaceOrientationLandscapeRight";
				LD_RUNPATH_SEARCH_PATHS = (
					"$(inherited)",
					"@executable_path/Frameworks",
				);
				MARKETING_VERSION = 1.0;
				PRODUCT_BUNDLE_IDENTIFIER = mallikarjun.Example1;
				PRODUCT_NAME = "$(TARGET_NAME)";
				SUPPORTED_PLATFORMS = "iphoneos iphonesimulator";
				SUPPORTS_MACCATALYST = NO;
				SUPPORTS_MAC_DESIGNED_FOR_IPHONE_IPAD = NO;
				SWIFT_EMIT_LOC_STRINGS = YES;
				SWIFT_VERSION = 5.0;
				TARGETED_DEVICE_FAMILY = "1,2";
			};
			name = Debug;
		};
		C19E8EF52B6CC4250090DD5D /* Release */ = {
			isa = XCBuildConfiguration;
			buildSettings = {
				ASSETCATALOG_COMPILER_APPICON_NAME = AppIcon;
				ASSETCATALOG_COMPILER_GLOBAL_ACCENT_COLOR_NAME = AccentColor;
				CODE_SIGN_STYLE = Automatic;
				CURRENT_PROJECT_VERSION = 1;
				DEVELOPMENT_TEAM = LR4QG85CZD;
				GENERATE_INFOPLIST_FILE = YES;
				INFOPLIST_FILE = Example1/Info.plist;
				INFOPLIST_KEY_CFBundleDisplayName = "MVVM 1";
				INFOPLIST_KEY_UIApplicationSupportsIndirectInputEvents = YES;
				INFOPLIST_KEY_UILaunchStoryboardName = LaunchScreen;
				INFOPLIST_KEY_UIMainStoryboardFile = Main;
				INFOPLIST_KEY_UISupportedInterfaceOrientations_iPad = "UIInterfaceOrientationPortrait UIInterfaceOrientationPortraitUpsideDown UIInterfaceOrientationLandscapeLeft UIInterfaceOrientationLandscapeRight";
				INFOPLIST_KEY_UISupportedInterfaceOrientations_iPhone = "UIInterfaceOrientationPortrait UIInterfaceOrientationLandscapeLeft UIInterfaceOrientationLandscapeRight";
				LD_RUNPATH_SEARCH_PATHS = (
					"$(inherited)",
					"@executable_path/Frameworks",
				);
				MARKETING_VERSION = 1.0;
				PRODUCT_BUNDLE_IDENTIFIER = mallikarjun.Example1;
				PRODUCT_NAME = "$(TARGET_NAME)";
				SUPPORTED_PLATFORMS = "iphoneos iphonesimulator";
				SUPPORTS_MACCATALYST = NO;
				SUPPORTS_MAC_DESIGNED_FOR_IPHONE_IPAD = NO;
				SWIFT_EMIT_LOC_STRINGS = YES;
				SWIFT_VERSION = 5.0;
				TARGETED_DEVICE_FAMILY = "1,2";
			};
			name = Release;
		};
/* End XCBuildConfiguration section */

/* Begin XCConfigurationList section */
		C19E8EDA2B6CC4210090DD5D /* Build configuration list for PBXProject "Example1" */ = {
			isa = XCConfigurationList;
			buildConfigurations = (
				C19E8EF12B6CC4250090DD5D /* Debug */,
				C19E8EF22B6CC4250090DD5D /* Release */,
			);
			defaultConfigurationIsVisible = 0;
			defaultConfigurationName = Release;
		};
		C19E8EF32B6CC4250090DD5D /* Build configuration list for PBXNativeTarget "Example1" */ = {
			isa = XCConfigurationList;
			buildConfigurations = (
				C19E8EF42B6CC4250090DD5D /* Debug */,
				C19E8EF52B6CC4250090DD5D /* Release */,
			);
			defaultConfigurationIsVisible = 0;
			defaultConfigurationName = Release;
		};
/* End XCConfigurationList section */
	};
	rootObject = C19E8ED72B6CC4210090DD5D /* Project object */;
}
